
Microsoft Visual Studio Solution File, Format Version 12.00
Project("{FAE04EC0-301F-11D3-BF4B-00C04F79EFBC}") = "Raft.RpcServer", "Raft.RpcServer\Raft.RpcServer.csproj", "{3242EC8B-7869-4D63-842F-6D75AD3EE38C}"
EndProject
Project("{FAE04EC0-301F-11D3-BF4B-00C04F79EFBC}") = "Raft.Node", "Raft.Node\Raft.Node.csproj", "{448E503A-9730-401B-A101-42D93E84927F}"
EndProject
Project("{FAE04EC0-301F-11D3-BF4B-00C04F79EFBC}") = "Raft.Communication.Contract", "Raft.Communication.Contract\Raft.Communication.Contract.csproj", "{03A19489-B74D-4CDE-A8EF-B980D28A7390}"
EndProject
Project("{FAE04EC0-301F-11D3-BF4B-00C04F79EFBC}") = "Raft.Cli", "Raft.Cli\Raft.Cli.csproj", "{EBBE1CDB-8082-434D-ACC6-3D86C39BCB70}"
EndProject
Project("{FAE04EC0-301F-11D3-BF4B-00C04F79EFBC}") = "Raft.Store.Memory", "Raft.Store.Memory\Raft.Store.Memory.csproj", "{C2D03C53-C6A2-4EE5-8BEF-587283DE218E}"
EndProject
Project("{FAE04EC0-301F-11D3-BF4B-00C04F79EFBC}") = "Raft.Store", "Raft.Store\Raft.Store.csproj", "{C3D4C8CC-6878-48B4-A45F-54EBF7D48361}"
EndProject
Global
	GlobalSection(SolutionConfigurationPlatforms) = preSolution
		Debug|Any CPU = Debug|Any CPU
		Release|Any CPU = Release|Any CPU
	EndGlobalSection
	GlobalSection(ProjectConfigurationPlatforms) = postSolution
		{3242EC8B-7869-4D63-842F-6D75AD3EE38C}.Debug|Any CPU.ActiveCfg = Debug|Any CPU
		{3242EC8B-7869-4D63-842F-6D75AD3EE38C}.Debug|Any CPU.Build.0 = Debug|Any CPU
		{3242EC8B-7869-4D63-842F-6D75AD3EE38C}.Release|Any CPU.ActiveCfg = Release|Any CPU
		{3242EC8B-7869-4D63-842F-6D75AD3EE38C}.Release|Any CPU.Build.0 = Release|Any CPU
		{448E503A-9730-401B-A101-42D93E84927F}.Debug|Any CPU.ActiveCfg = Debug|Any CPU
		{448E503A-9730-401B-A101-42D93E84927F}.Debug|Any CPU.Build.0 = Debug|Any CPU
		{448E503A-9730-401B-A101-42D93E84927F}.Release|Any CPU.ActiveCfg = Release|Any CPU
		{448E503A-9730-401B-A101-42D93E84927F}.Release|Any CPU.Build.0 = Release|Any CPU
		{03A19489-B74D-4CDE-A8EF-B980D28A7390}.Debug|Any CPU.ActiveCfg = Debug|Any CPU
		{03A19489-B74D-4CDE-A8EF-B980D28A7390}.Debug|Any CPU.Build.0 = Debug|Any CPU
		{03A19489-B74D-4CDE-A8EF-B980D28A7390}.Release|Any CPU.ActiveCfg = Release|Any CPU
		{03A19489-B74D-4CDE-A8EF-B980D28A7390}.Release|Any CPU.Build.0 = Release|Any CPU
		{EBBE1CDB-8082-434D-ACC6-3D86C39BCB70}.Debug|Any CPU.ActiveCfg = Debug|Any CPU
		{EBBE1CDB-8082-434D-ACC6-3D86C39BCB70}.Debug|Any CPU.Build.0 = Debug|Any CPU
		{EBBE1CDB-8082-434D-ACC6-3D86C39BCB70}.Release|Any CPU.ActiveCfg = Release|Any CPU
		{EBBE1CDB-8082-434D-ACC6-3D86C39BCB70}.Release|Any CPU.Build.0 = Release|Any CPU
		{C2D03C53-C6A2-4EE5-8BEF-587283DE218E}.Debug|Any CPU.ActiveCfg = Debug|Any CPU
		{C2D03C53-C6A2-4EE5-8BEF-587283DE218E}.Debug|Any CPU.Build.0 = Debug|Any CPU
		{C2D03C53-C6A2-4EE5-8BEF-587283DE218E}.Release|Any CPU.ActiveCfg = Release|Any CPU
		{C2D03C53-C6A2-4EE5-8BEF-587283DE218E}.Release|Any CPU.Build.0 = Release|Any CPU
		{C3D4C8CC-6878-48B4-A45F-54EBF7D48361}.Debug|Any CPU.ActiveCfg = Debug|Any CPU
		{C3D4C8CC-6878-48B4-A45F-54EBF7D48361}.Debug|Any CPU.Build.0 = Debug|Any CPU
		{C3D4C8CC-6878-48B4-A45F-54EBF7D48361}.Release|Any CPU.ActiveCfg = Release|Any CPU
		{C3D4C8CC-6878-48B4-A45F-54EBF7D48361}.Release|Any CPU.Build.0 = Release|Any CPU
	EndGlobalSection
EndGlobal
