
Microsoft Visual Studio Solution File, Format Version 12.00
Project("{FAE04EC0-301F-11D3-BF4B-00C04F79EFBC}") = "Raft", "Raft\Raft.csproj", "{9DAAF22D-190C-4660-8603-2FAEC9DAE16F}"
EndProject
Global
	GlobalSection(SolutionConfigurationPlatforms) = preSolution
		Debug|Any CPU = Debug|Any CPU
		Release|Any CPU = Release|Any CPU
	EndGlobalSection
	GlobalSection(ProjectConfigurationPlatforms) = postSolution
		{9DAAF22D-190C-4660-8603-2FAEC9DAE16F}.Debug|Any CPU.ActiveCfg = Debug|Any CPU
		{9DAAF22D-190C-4660-8603-2FAEC9DAE16F}.Debug|Any CPU.Build.0 = Debug|Any CPU
		{9DAAF22D-190C-4660-8603-2FAEC9DAE16F}.Release|Any CPU.ActiveCfg = Release|Any CPU
		{9DAAF22D-190C-4660-8603-2FAEC9DAE16F}.Release|Any CPU.Build.0 = Release|Any CPU
	EndGlobalSection
EndGlobal
